github.com/aws/aws-sdk-go-v2 v1.30.5 h1:mWSRTwQAb0aLE17dSzztCVJWI9+cRMgqebndjwDyK0g=
github.com/aws/aws-sdk-go-v2 v1.30.5/go.mod h1:CT+ZPWXbYrci8chcARI3OmI/qgd+f6WtuLOoaIA8PR0=
github.com/aws/aws-sdk-go-v2/aws/protocol/eventstream v1.6.4 h1:70PVAiL15/aBMh5LThwgXdSQorVr91L127ttckI9QQU=
github.com/aws/aws-sdk-go-v2/aws/protocol/eventstream v1.6.4/go.mod h1:/MQxMqci8tlqDH+pjmoLu1i0tbWCUP1hhyMRuFxpQCw=
github.com/aws/aws-sdk-go-v2/config v1.27.31 h1:kxBoRsjhT3pq0cKthgj6RU6bXTm/2SgdoUMyrVw0rAI=
github.com/aws/aws-sdk-go-v2/config v1.27.31/go.mod h1:z04nZdSWFPaDwK3DdJOG2r+scLQzMYuJeW0CujEm9FM=
github.com/aws/aws-sdk-go-v2/credentials v1.17.30 h1:aau/oYFtibVovr2rDt8FHlU17BTicFEMAi29V1U+L5Q=
github.com/aws/aws-sdk-go-v2/credentials v1.17.30/go.mod h1:BPJ/yXV92ZVq6G8uYvbU0gSl8q94UB63nMT5ctNO38g=
github.com/aws/aws-sdk-go-v2/feature/ec2/imds v1.16.12 h1:yjwoSyDZF8Jth+mUk5lSPJCkMC0lMy6FaCD51jm6ayE=
github.com/aws/aws-sdk-go-v2/feature/ec2/imds v1.16.12/go.mod h1:fuR57fAgMk7ot3WcNQfb6rSEn+SUffl7ri+aa8uKysI=
github.com/aws/aws-sdk-go-v2/internal/configsources v1.3.17 h1:pI7Bzt0BJtYA0N/JEC6B8fJ4RBrEMi1LBrkMdFYNSnQ=
github.com/aws/aws-sdk-go-v2/internal/configsources v1.3.17/go.mod h1:Dh5zzJYMtxfIjYW+/evjQ8uj2OyR/ve2KROHGHlSFqE=
github.com/aws/aws-sdk-go-v2/internal/endpoints/v2 v2.6.17 h1:Mqr/V5gvrhA2gvgnF42Zh5iMiQNcOYthFYwCyrnuWlc=
github.com/aws/aws-sdk-go-v2/internal/endpoints/v2 v2.6.17/go.mod h1:aLJpZlCmjE+V+KtN1q1uyZkfnUWpQGpbsn89XPKyzfU=
github.com/aws/aws-sdk-go-v2/internal/ini v1.8.1 h1:VaRN3TlFdd6KxX1x3ILT5ynH6HvKgqdiXoTxAF4HQcQ=
github.com/aws/aws-sdk-go-v2/internal/ini v1.8.1/go.mod h1:FbtygfRFze9usAadmnGJNc8KsP346kEe+y2/oyhGAGc=
github.com/aws/aws-sdk-go-v2/internal/v4a v1.3.17 h1:Roo69qTpfu8OlJ2Tb7pAYVuF0CpuUMB0IYWwYP/4DZM=
github.com/aws/aws-sdk-go-v2/internal/v4a v1.3.17/go.mod h1:NcWPxQzGM1USQggaTVwz6VpqMZPX1CvDJLDh6jnOCa4=
github.com/aws/aws-sdk-go-v2/service/internal/accept-encoding v1.11.4 h1:KypMCbLPPHEmf9DgMGw51jMj77VfGPAN2Kv4cfhlfgI=
github.com/aws/aws-sdk-go-v2/service/internal/accept-encoding v1.11.4/go.mod h1:Vz1JQXliGcQktFTN/LN6uGppAIRoLBR2bMvIMP0gOjc=
github.com/aws/aws-sdk-go-v2/service/internal/checksum v1.3.19 h1:FLMkfEiRjhgeDTCjjLoc3URo/TBkgeQbocA78lfkzSI=
github.com/aws/aws-sdk-go-v2/service/internal/checksum v1.3.19/go.mod h1:Vx+GucNSsdhaxs3aZIKfSUjKVGsxN25nX2SRcdhuw08=
github.com/aws/aws-sdk-go-v2/service/internal/presigned-url v1.11.19 h1:rfprUlsdzgl7ZL2KlXiUAoJnI/VxfHCvDFr2QDFj6u4=
github.com/aws/aws-sdk-go-v2/service/internal/presigned-url v1.11.19/go.mod h1:SCWkEdRq8/7EK60NcvvQ6NXKuTcchAD4ROAsC37VEZE=
github.com/aws/aws-sdk-go-v2/service/internal/s3shared v1.17.17 h1:u+EfGmksnJc/x5tq3A+OD7LrMbSSR/5TrKLvkdy/fhY=
github.com/aws/aws-sdk-go-v2/service/internal/s3shared v1.17.17/go.mod h1:VaMx6302JHax2vHJWgRo+5n9zvbacs3bLU/23DNQrTY=
github.com/aws/aws-sdk-go-v2/service/s3 v1.61.2 h1:Kp6PWAlXwP1UvIflkIP6MFZYBNDCa4mFCGtxrpICVOg=
github.com/aws/aws-sdk-go-v2/service/s3 v1.61.2/go.mod h1:5FmD/Dqq57gP+XwaUnd5WFPipAuzrf0HmupX27Gvjvc=
github.com/aws/aws-sdk-go-v2/service/sso v1.22.5 h1:zCsFCKvbj25i7p1u94imVoO447I/sFv8qq+lGJhRN0c=
github.com/aws/aws-sdk-go-v2/service/sso v1.22.5/go.mod h1:ZeDX1SnKsVlejeuz41GiajjZpRSWR7/42q/EyA/QEiM=
github.com/aws/aws-sdk-go-v2/service/ssooidc v1.26.5 h1:SKvPgvdvmiTWoi0GAJ7AsJfOz3ngVkD/ERbs5pUnHNI=
github.com/aws/aws-sdk-go-v2/service/ssooidc v1.26.5/go.mod h1:20sz31hv/WsPa3HhU3hfrIet2kxM4Pe0r20eBZ20Tac=
github.com/aws/aws-sdk-go-v2/service/sts v1.30.5 h1:OMsEmCyz2i89XwRwPouAJvhj81wINh+4UK+k/0Yo/q8=
github.com/aws/aws-sdk-go-v2/service/sts v1.30.5/go.mod h1:vmSqFK+BVIwVpDAGZB3CoCXHzurt4qBE8lf+I/kRTh0=
github.com/aws/smithy-go v1.20.4 h1:2HK1zBdPgRbjFOHlfeQZfpC4r72MOb9bZkiFwggKO+4=
github.com/aws/smithy-go v1.20.4/go.mod h1:irrKGvNn1InZwb2d7fkIRNucdfwR8R+Ts3wxYa/cJHg=
github.com/davecgh/go-spew v1.1.1 h1:vj9j/u1bqnvCEfJOwUhtlOARqs3+rkHYY13jYWTU97c=
github.com/davecgh/go-spew v1.1.1/go.mod h1:J7Y8YcW2NihsgmVo/mv3lAwl/skON4iLHjSsI+c5H38=
github.com/google/go-cmp v0.5.5 h1:Khx7svrCpmxxtHBq5j2mp/xVjsi8hQMfNLvJFAlrGgU=
github.com/google/go-cmp v0.5.5/go.mod h1:v8dTdLbMG2kIc/vJvl+f65V22dbkXbowE6jgT/gNBxE=
github.com/pmezard/go-difflib v1.0.0 h1:4DBwDE0NGyQoBHbLQYPwSUPoCMWR5BEzIk/f1lZbAQM=
github.com/pmezard/go-difflib v1.0.0/go.mod h1:iKH77koFhYxTK1pcRnkKkqfTogsbg7gZNVY4sRDYZ/4=
github.com/stretchr/testify v1.8.4 h1:CcVxjf3Q8PM0mHUKJCdn+eZZtm5yQwehR5yeSVQQcUk=
github.com/stretchr/testify v1.8.4/go.mod h1:sz/lmYIOXD/1dqDmKjjqLyZ2RngseejIcXlSw2iwfAo=
go.uber.org/goleak v1.3.0 h1:2K3zAYmnTNqV73imy9J1T3WC+gmCePx2hEGkimedGto=
go.uber.org/goleak v1.3.0/go.mod h1:CoHD4mav9JJNrW/WLlf7HGZPjdw8EucARQHekz1X6bE=
go.uber.org/multierr v1.10.0 h1:S0h4aNzvfcFsC3dRF1jLoaov7oRaKqRGC/pUEJ2yvPQ=
go.uber.org/multierr v1.10.0/go.mod h1:20+QtiLqy0Nd6FdQB9TLXag12DsQkrbs3htMFfDN80Y=
go.uber.org/zap v1.27.0 h1:aJMhYGrd5QSmlpLMr2MftRKl7t8J8PTZPA732ud/XR8=
go.uber.org/zap v1.27.0/go.mod h1:GB2qFLM7cTU87MWRP2mPIjqfIDnGu+VIO4V/SdhGo2E=
golang.org/x/xerrors v0.0.0-20191204190536-9bdfabe68543 h1:E7g+9GITq07hpfrRu66IVDexMakfv52eLZ2CXBWiKr4=
golang.org/x/xerrors v0.0.0-20191204190536-9bdfabe68543/go.mod h1:I/5z698sn9Ka8TeJc9MKroUUfqBBauWjQqLJ2OPfmY0=
google.golang.org/protobuf v1.32.0 h1:pPC6BG5ex8PDFnkbrGU3EixyhKcQ2aDuBS36lqK/C7I=
google.golang.org/protobuf v1.32.0/go.mod h1:c6P6GXX6sHbq/GpV6MGZEdwhWPcYBgnhAHhKbcUYpos=
gopkg.in/check.v1 v0.0.0-20161208181325-20d25e280405 h1:yhCVgyC4o1eVCa2tZl7eS0r+SDo693bJlVdllGtEeKM=
gopkg.in/check.v1 v0.0.0-20161208181325-20d25e280405/go.mod h1:Co6ibVJAznAaIkqp8huTwlJQCZ016jof/cbN4VW5Yz0=
gopkg.in/yaml.v3 v3.0.1 h1:fxVm/GzAzEWqLHuvctI91KS9hhNmmWOoWu0XTYJS7CA=
gopkg.in/yaml.v3 v3.0.1/go.mod h1:K4uyk7z7BCEPqu6E+C64Yfv1cQ7kz7rIZviUmN+EgEM=
